
Microsoft Visual Studio Solution File, Format Version 12.00
# Visual Studio Version 16
VisualStudioVersion = 16.0.30503.244
MinimumVisualStudioVersion = 10.0.40219.1
Project("{FAE04EC0-301F-11D3-BF4B-00C04F79EFBC}") = "ConsolePhoneBook", "ConsolePhoneBook\ConsolePhoneBook.csproj", "{1CEBF58D-93C7-49D1-9CD6-50C21244F8B5}"
EndProject
Global
	GlobalSection(SolutionConfigurationPlatforms) = preSolution
		Debug|Any CPU = Debug|Any CPU
		Release|Any CPU = Release|Any CPU
	EndGlobalSection
	GlobalSection(ProjectConfigurationPlatforms) = postSolution
		{1CEBF58D-93C7-49D1-9CD6-50C21244F8B5}.Debug|Any CPU.ActiveCfg = Debug|Any CPU
		{1CEBF58D-93C7-49D1-9CD6-50C21244F8B5}.Debug|Any CPU.Build.0 = Debug|Any CPU
		{1CEBF58D-93C7-49D1-9CD6-50C21244F8B5}.Release|Any CPU.ActiveCfg = Release|Any CPU
		{1CEBF58D-93C7-49D1-9CD6-50C21244F8B5}.Release|Any CPU.Build.0 = Release|Any CPU
	EndGlobalSection
	GlobalSection(SolutionProperties) = preSolution
		HideSolutionNode = FALSE
	EndGlobalSection
	GlobalSection(ExtensibilityGlobals) = postSolution
		SolutionGuid = {F2834145-F77D-4BA7-89A4-C4AF76CED043}
	EndGlobalSection
EndGlobal
